// !$*UTF8*$!
{
	archiveVersion = 1;
	classes = {
	};
	objectVersion = 46;
	objects = {

/* Begin PBXBuildFile section */
		003CA4771E9BECC1001228F6 /* main.m in Sources */ = {isa = PBXBuildFile; fileRef = 003CA4761E9BECC1001228F6 /* main.m */; };
		003CA47A1E9BECC1001228F6 /* AppDelegate.m in Sources */ = {isa = PBXBuildFile; fileRef = 003CA4791E9BECC1001228F6 /* AppDelegate.m */; };
		003CA47D1E9BECC1001228F6 /* ViewController.m in Sources */ = {isa = PBXBuildFile; fileRef = 003CA47C1E9BECC1001228F6 /* ViewController.m */; };
		003CA4801E9BECC1001228F6 /* Main.storyboard in Resources */ = {isa = PBXBuildFile; fileRef = 003CA47E1E9BECC1001228F6 /* Main.storyboard */; };
		003CA4821E9BECC1001228F6 /* Images.xcassets in Resources */ = {isa = PBXBuildFile; fileRef = 003CA4811E9BECC1001228F6 /* Images.xcassets */; };
		003CA4851E9BECC1001228F6 /* LaunchScreen.xib in Resources */ = {isa = PBXBuildFile; fileRef = 003CA4831E9BECC1001228F6 /* LaunchScreen.xib */; };
		003CA4911E9BECC1001228F6 /* PrasadWEBSERVICETests.m in Sources */ = {isa = PBXBuildFile; fileRef = 003CA4901E9BECC1001228F6 /* PrasadWEBSERVICETests.m */; };
/* End PBXBuildFile section */

/* Begin PBXContainerItemProxy section */
		003CA48B1E9BECC1001228F6 /* PBXContainerItemProxy */ = {
			isa = PBXContainerItemProxy;
			containerPortal = 003CA4691E9BECC1001228F6 /* Project object */;
			proxyType = 1;
			remoteGlobalIDString = 003CA4701E9BECC1001228F6;
			remoteInfo = PrasadWEBSERVICE;
		};
/* End PBXContainerItemProxy section */

/* Begin PBXFileReference section */
		003CA4711E9BECC1001228F6 /* PrasadWEBSERVICE.app */ = {isa = PBXFileReference; explicitFileType = wrapper.application; includeInIndex = 0; path = PrasadWEBSERVICE.app; sourceTree = BUILT_PRODUCTS_DIR; };
		003CA4751E9BECC1001228F6 /* Info.plist */ = {isa = PBXFileReference; lastKnownFileType = text.plist.xml; path = Info.plist; sourceTree = "<group>"; };
		003CA4761E9BECC1001228F6 /* main.m */ = {isa = PBXFileReference; lastKnownFileType = sourcecode.c.objc; path = main.m; sourceTree = "<group>"; };
		003CA4781E9BECC1001228F6 /* AppDelegate.h */ = {isa = PBXFileReference; lastKnownFileType = sourcecode.c.h; path = AppDelegate.h; sourceTree = "<group>"; };
		003CA4791E9BECC1001228F6 /* AppDelegate.m */ = {isa = PBXFileReference; lastKnownFileType = sourcecode.c.objc; path = AppDelegate.m; sourceTree = "<group>"; };
		003CA47B1E9BECC1001228F6 /* ViewController.h */ = {isa = PBXFileReference; lastKnownFileType = sourcecode.c.h; path = ViewController.h; sourceTree = "<group>"; };
		003CA47C1E9BECC1001228F6 /* ViewController.m */ = {isa = PBXFileReference; lastKnownFileType = sourcecode.c.objc; path = ViewController.m; sourceTree = "<group>"; };
		003CA47F1E9BECC1001228F6 /* Base */ = {isa = PBXFileReference; lastKnownFileType = file.storyboard; name = Base; path = Base.lproj/Main.storyboard; sourceTree = "<group>"; };
		003CA4811E9BECC1001228F6 /* Images.xcassets */ = {isa = PBXFileReference; lastKnownFileType = folder.assetcatalog; path = Images.xcassets; sourceTree = "<group>"; };
		003CA4841E9BECC1001228F6 /* Base */ = {isa = PBXFileReference; lastKnownFileType = file.xib; name = Base; path = Base.lproj/LaunchScreen.xib; sourceTree = "<group>"; };
		003CA48A1E9BECC1001228F6 /* PrasadWEBSERVICETests.xctest */ = {isa = PBXFileReference; explicitFileType = wrapper.cfbundle; includeInIndex = 0; path = PrasadWEBSERVICETests.xctest; sourceTree = BUILT_PRODUCTS_DIR; };
		003CA48F1E9BECC1001228F6 /* Info.plist */ = {isa = PBXFileReference; lastKnownFileType = text.plist.xml; path = Info.plist; sourceTree = "<group>"; };
		003CA4901E9BECC1001228F6 /* PrasadWEBSERVICETests.m */ = {isa = PBXFileReference; lastKnownFileType = sourcecode.c.objc; path = PrasadWEBSERVICETests.m; sourceTree = "<group>"; };
/* End PBXFileReference section */

/* Begin PBXFrameworksBuildPhase section */
		003CA46E1E9BECC1001228F6 /* Frameworks */ = {
			isa = PBXFrameworksBuildPhase;
			buildActionMask = 2147483647;
			files = (
			);
			runOnlyForDeploymentPostprocessing = 0;
		};
		003CA4871E9BECC1001228F6 /* Frameworks */ = {
			isa = PBXFrameworksBuildPhase;
			buildActionMask = 2147483647;
			files = (
			);
			runOnlyForDeploymentPostprocessing = 0;
		};
/* End PBXFrameworksBuildPhase section */

/* Begin PBXGroup section */
		003CA4681E9BECC1001228F6 = {
			isa = PBXGroup;
			children = (
				003CA4731E9BECC1001228F6 /* PrasadWEBSERVICE */,
				003CA48D1E9BECC1001228F6 /* PrasadWEBSERVICETests */,
				003CA4721E9BECC1001228F6 /* Products */,
			);
			sourceTree = "<group>";
		};
		003CA4721E9BECC1001228F6 /* Products */ = {
			isa = PBXGroup;
			children = (
				003CA4711E9BECC1001228F6 /* PrasadWEBSERVICE.app */,
				003CA48A1E9BECC1001228F6 /* PrasadWEBSERVICETests.xctest */,
			);
			name = Products;
			sourceTree = "<group>";
		};
		003CA4731E9BECC1001228F6 /* PrasadWEBSERVICE */ = {
			isa = PBXGroup;
			children = (
				003CA4781E9BECC1001228F6 /* AppDelegate.h */,
				003CA4791E9BECC1001228F6 /* AppDelegate.m */,
				003CA47B1E9BECC1001228F6 /* ViewController.h */,
				003CA47C1E9BECC1001228F6 /* ViewController.m */,
				003CA47E1E9BECC1001228F6 /* Main.storyboard */,
				003CA4811E9BECC1001228F6 /* Images.xcassets */,
				003CA4831E9BECC1001228F6 /* LaunchScreen.xib */,
				003CA4741E9BECC1001228F6 /* Supporting Files */,
			);
			path = PrasadWEBSERVICE;
			sourceTree = "<group>";
		};
		003CA4741E9BECC1001228F6 /* Supporting Files */ = {
			isa = PBXGroup;
			children = (
				003CA4751E9BECC1001228F6 /* Info.plist */,
				003CA4761E9BECC1001228F6 /* main.m */,
			);
			name = "Supporting Files";
			sourceTree = "<group>";
		};
		003CA48D1E9BECC1001228F6 /* PrasadWEBSERVICETests */ = {
			isa = PBXGroup;
			children = (
				003CA4901E9BECC1001228F6 /* PrasadWEBSERVICETests.m */,
				003CA48E1E9BECC1001228F6 /* Supporting Files */,
			);
			path = PrasadWEBSERVICETests;
			sourceTree = "<group>";
		};
		003CA48E1E9BECC1001228F6 /* Supporting Files */ = {
			isa = PBXGroup;
			children = (
				003CA48F1E9BECC1001228F6 /* Info.plist */,
			);
			name = "Supporting Files";
			sourceTree = "<group>";
		};
/* End PBXGroup section */

/* Begin PBXNativeTarget section */
		003CA4701E9BECC1001228F6 /* PrasadWEBSERVICE */ = {
			isa = PBXNativeTarget;
			buildConfigurationList = 003CA4941E9BECC1001228F6 /* Build configuration list for PBXNativeTarget "PrasadWEBSERVICE" */;
			buildPhases = (
				003CA46D1E9BECC1001228F6 /* Sources */,
				003CA46E1E9BECC1001228F6 /* Frameworks */,
				003CA46F1E9BECC1001228F6 /* Resources */,
			);
			buildRules = (
			);
			dependencies = (
			);
			name = PrasadWEBSERVICE;
			productName = PrasadWEBSERVICE;
			productReference = 003CA4711E9BECC1001228F6 /* PrasadWEBSERVICE.app */;
			productType = "com.apple.product-type.application";
		};
		003CA4891E9BECC1001228F6 /* PrasadWEBSERVICETests */ = {
			isa = PBXNativeTarget;
			buildConfigurationList = 003CA4971E9BECC1001228F6 /* Build configuration list for PBXNativeTarget "PrasadWEBSERVICETests" */;
			buildPhases = (
				003CA4861E9BECC1001228F6 /* Sources */,
				003CA4871E9BECC1001228F6 /* Frameworks */,
				003CA4881E9BECC1001228F6 /* Resources */,
			);
			buildRules = (
			);
			dependencies = (
				003CA48C1E9BECC1001228F6 /* PBXTargetDependency */,
			);
			name = PrasadWEBSERVICETests;
			productName = PrasadWEBSERVICETests;
			productReference = 003CA48A1E9BECC1001228F6 /* PrasadWEBSERVICETests.xctest */;
			productType = "com.apple.product-type.bundle.unit-test";
		};
/* End PBXNativeTarget section */

/* Begin PBXProject section */
		003CA4691E9BECC1001228F6 /* Project object */ = {
			isa = PBXProject;
			attributes = {
				LastUpgradeCheck = 0630;
				ORGANIZATIONNAME = mine;
				TargetAttributes = {
					003CA4701E9BECC1001228F6 = {
						CreatedOnToolsVersion = 6.3.2;
					};
					003CA4891E9BECC1001228F6 = {
						CreatedOnToolsVersion = 6.3.2;
						TestTargetID = 003CA4701E9BECC1001228F6;
					};
				};
			};
			buildConfigurationList = 003CA46C1E9BECC1001228F6 /* Build configuration list for PBXProject "PrasadWEBSERVICE" */;
			compatibilityVersion = "Xcode 3.2";
			developmentRegion = English;
			hasScannedForEncodings = 0;
			knownRegions = (
				en,
				Base,
			);
			mainGroup = 003CA4681E9BECC1001228F6;
			productRefGroup = 003CA4721E9BECC1001228F6 /* Products */;
			projectDirPath = "";
			projectRoot = "";
			targets = (
				003CA4701E9BECC1001228F6 /* PrasadWEBSERVICE */,
				003CA4891E9BECC1001228F6 /* PrasadWEBSERVICETests */,
			);
		};
/* End PBXProject section */

/* Begin PBXResourcesBuildPhase section */
		003CA46F1E9BECC1001228F6 /* Resources */ = {
			isa = PBXResourcesBuildPhase;
			buildActionMask = 2147483647;
			files = (
				003CA4801E9BECC1001228F6 /* Main.storyboard in Resources */,
				003CA4851E9BECC1001228F6 /* LaunchScreen.xib in Resources */,
				003CA4821E9BECC1001228F6 /* Images.xcassets in Resources */,
			);
			runOnlyForDeploymentPostprocessing = 0;
		};
		003CA4881E9BECC1001228F6 /* Resources */ = {
			isa = PBXResourcesBuildPhase;
			buildActionMask = 2147483647;
			files = (
			);
			runOnlyForDeploymentPostprocessing = 0;
		};
/* End PBXResourcesBuildPhase section */

/* Begin PBXSourcesBuildPhase section */
		003CA46D1E9BECC1001228F6 /* Sources */ = {
			isa = PBXSourcesBuildPhase;
			buildActionMask = 2147483647;
			files = (
				003CA47D1E9BECC1001228F6 /* ViewController.m in Sources */,
				003CA47A1E9BECC1001228F6 /* AppDelegate.m in Sources */,
				003CA4771E9BECC1001228F6 /* main.m in Sources */,
			);
			runOnlyForDeploymentPostprocessing = 0;
		};
		003CA4861E9BECC1001228F6 /* Sources */ = {
			isa = PBXSourcesBuildPhase;
			buildActionMask = 2147483647;
			files = (
				003CA4911E9BECC1001228F6 /* PrasadWEBSERVICETests.m in Sources */,
			);
			runOnlyForDeploymentPostprocessing = 0;
		};
/* End PBXSourcesBuildPhase section */

/* Begin PBXTargetDependency section */
		003CA48C1E9BECC1001228F6 /* PBXTargetDependency */ = {
			isa = PBXTargetDependency;
			target = 003CA4701E9BECC1001228F6 /* PrasadWEBSERVICE */;
			targetProxy = 003CA48B1E9BECC1001228F6 /* PBXContainerItemProxy */;
		};
/* End PBXTargetDependency section */

/* Begin PBXVariantGroup section */
		003CA47E1E9BECC1001228F6 /* Main.storyboard */ = {
			isa = PBXVariantGroup;
			children = (
				003CA47F1E9BECC1001228F6 /* Base */,
			);
			name = Main.storyboard;
			sourceTree = "<group>";
		};
		003CA4831E9BECC1001228F6 /* LaunchScreen.xib */ = {
			isa = PBXVariantGroup;
			children = (
				003CA4841E9BECC1001228F6 /* Base */,
			);
			name = LaunchScreen.xib;
			sourceTree = "<group>";
		};
/* End PBXVariantGroup section */

/* Begin XCBuildConfiguration section */
		003CA4921E9BECC1001228F6 /* Debug */ = {
			isa = XCBuildConfiguration;
			buildSettings = {
				ALWAYS_SEARCH_USER_PATHS = NO;
				CLANG_CXX_LANGUAGE_STANDARD = "gnu++0x";
				CLANG_CXX_LIBRARY = "libc++";
				CLANG_ENABLE_MODULES = YES;
				CLANG_ENABLE_OBJC_ARC = YES;
				CLANG_WARN_BOOL_CONVERSION = YES;
				CLANG_WARN_CONSTANT_CONVERSION = YES;
				CLANG_WARN_DIRECT_OBJC_ISA_USAGE = YES_ERROR;
				CLANG_WARN_EMPTY_BODY = YES;
				CLANG_WARN_ENUM_CONVERSION = YES;
				CLANG_WARN_INT_CONVERSION = YES;
				CLANG_WARN_OBJC_ROOT_CLASS = YES_ERROR;
				CLANG_WARN_UNREACHABLE_CODE = YES;
				CLANG_WARN__DUPLICATE_METHOD_MATCH = YES;
				"CODE_SIGN_IDENTITY[sdk=iphoneos*]" = "iPhone Developer";
				COPY_PHASE_STRIP = NO;
				DEBUG_INFORMATION_FORMAT = "dwarf-with-dsym";
				ENABLE_STRICT_OBJC_MSGSEND = YES;
				GCC_C_LANGUAGE_STANDARD = gnu99;
				GCC_DYNAMIC_NO_PIC = NO;
				GCC_NO_COMMON_BLOCKS = YES;
				GCC_OPTIMIZATION_LEVEL = 0;
				GCC_PREPROCESSOR_DEFINITIONS = (
					"DEBUG=1",
					"$(inherited)",
				);
				GCC_SYMBOLS_PRIVATE_EXTERN = NO;
				GCC_WARN_64_TO_32_BIT_CONVERSION = YES;
				GCC_WARN_ABOUT_RETURN_TYPE = YES_ERROR;
				GCC_WARN_UNDECLARED_SELECTOR = YES;
				GCC_WARN_UNINITIALIZED_AUTOS = YES_AGGRESSIVE;
				GCC_WARN_UNUSED_FUNCTION = YES;
				GCC_WARN_UNUSED_VARIABLE = YES;
				IPHONEOS_DEPLOYMENT_TARGET = 8.3;
				MTL_ENABLE_DEBUG_INFO = YES;
				ONLY_ACTIVE_ARCH = YES;
				SDKROOT = iphoneos;
				TARGETED_DEVICE_FAMILY = "1,2";
			};
			name = Debug;
		};
		003CA4931E9BECC1001228F6 /* Release */ = {
			isa = XCBuildConfiguration;
			buildSettings = {
				ALWAYS_SEARCH_USER_PATHS = NO;
				CLANG_CXX_LANGUAGE_STANDARD = "gnu++0x";
				CLANG_CXX_LIBRARY = "libc++";
				CLANG_ENABLE_MODULES = YES;
				CLANG_ENABLE_OBJC_ARC = YES;
				CLANG_WARN_BOOL_CONVERSION = YES;
				CLANG_WARN_CONSTANT_CONVERSION = YES;
				CLANG_WARN_DIRECT_OBJC_ISA_USAGE = YES_ERROR;
				CLANG_WARN_EMPTY_BODY = YES;
				CLANG_WARN_ENUM_CONVERSION = YES;
				CLANG_WARN_INT_CONVERSION = YES;
				CLANG_WARN_OBJC_ROOT_CLASS = YES_ERROR;
				CLANG_WARN_UNREACHABLE_CODE = YES;
				CLANG_WARN__DUPLICATE_METHOD_MATCH = YES;
				"CODE_SIGN_IDENTITY[sdk=iphoneos*]" = "iPhone Developer";
				COPY_PHASE_STRIP = NO;
				DEBUG_INFORMATION_FORMAT = "dwarf-with-dsym";
				ENABLE_NS_ASSERTIONS = NO;
				ENABLE_STRICT_OBJC_MSGSEND = YES;
				GCC_C_LANGUAGE_STANDARD = gnu99;
				GCC_NO_COMMON_BLOCKS = YES;
				GCC_WARN_64_TO_32_BIT_CONVERSION = YES;
				GCC_WARN_ABOUT_RETURN_TYPE = YES_ERROR;
				GCC_WARN_UNDECLARED_SELECTOR = YES;
				GCC_WARN_UNINITIALIZED_AUTOS = YES_AGGRESSIVE;
				GCC_WARN_UNUSED_FUNCTION = YES;
				GCC_WARN_UNUSED_VARIABLE = YES;
				IPHONEOS_DEPLOYMENT_TARGET = 8.3;
				MTL_ENABLE_DEBUG_INFO = NO;
				SDKROOT = iphoneos;
				TARGETED_DEVICE_FAMILY = "1,2";
				VALIDATE_PRODUCT = YES;
			};
			name = Release;
		};
		003CA4951E9BECC1001228F6 /* Debug */ = {
			isa = XCBuildConfiguration;
			buildSettings = {
				ASSETCATALOG_COMPILER_APPICON_NAME = AppIcon;
				INFOPLIST_FILE = PrasadWEBSERVICE/Info.plist;
				LD_RUNPATH_SEARCH_PATHS = "$(inherited) @executable_path/Frameworks";
				PRODUCT_NAME = "$(TARGET_NAME)";
			};
			name = Debug;
		};
		003CA4961E9BECC1001228F6 /* Release */ = {
			isa = XCBuildConfiguration;
			buildSettings = {
				ASSETCATALOG_COMPILER_APPICON_NAME = AppIcon;
				INFOPLIST_FILE = PrasadWEBSERVICE/Info.plist;
				LD_RUNPATH_SEARCH_PATHS = "$(inherited) @executable_path/Frameworks";
				PRODUCT_NAME = "$(TARGET_NAME)";
			};
			name = Release;
		};
		003CA4981E9BECC1001228F6 /* Debug */ = {
			isa = XCBuildConfiguration;
			buildSettings = {
				BUNDLE_LOADER = "$(TEST_HOST)";
				FRAMEWORK_SEARCH_PATHS = (
					"$(SDKROOT)/Developer/Library/Frameworks",
					"$(inherited)",
				);
				GCC_PREPROCESSOR_DEFINITIONS = (
					"DEBUG=1",
					"$(inherited)",
				);
				INFOPLIST_FILE = PrasadWEBSERVICETests/Info.plist;
				LD_RUNPATH_SEARCH_PATHS = "$(inherited) @executable_path/Frameworks @loader_path/Frameworks";
				PRODUCT_NAME = "$(TARGET_NAME)";
				TEST_HOST = "$(BUILT_PRODUCTS_DIR)/PrasadWEBSERVICE.app/PrasadWEBSERVICE";
			};
			name = Debug;
		};
		003CA4991E9BECC1001228F6 /* Release */ = {
			isa = XCBuildConfiguration;
			buildSettings = {
				BUNDLE_LOADER = "$(TEST_HOST)";
				FRAMEWORK_SEARCH_PATHS = (
					"$(SDKROOT)/Developer/Library/Frameworks",
					"$(inherited)",
				);
				INFOPLIST_FILE = PrasadWEBSERVICETests/Info.plist;
				LD_RUNPATH_SEARCH_PATHS = "$(inherited) @executable_path/Frameworks @loader_path/Frameworks";
				PRODUCT_NAME = "$(TARGET_NAME)";
				TEST_HOST = "$(BUILT_PRODUCTS_DIR)/PrasadWEBSERVICE.app/PrasadWEBSERVICE";
			};
			name = Release;
		};
/* End XCBuildConfiguration section */

/* Begin XCConfigurationList section */
		003CA46C1E9BECC1001228F6 /* Build configuration list for PBXProject "PrasadWEBSERVICE" */ = {
			isa = XCConfigurationList;
			buildConfigurations = (
				003CA4921E9BECC1001228F6 /* Debug */,
				003CA4931E9BECC1001228F6 /* Release */,
			);
			defaultConfigurationIsVisible = 0;
			defaultConfigurationName = Release;
		};
		003CA4941E9BECC1001228F6 /* Build configuration list for PBXNativeTarget "PrasadWEBSERVICE" */ = {
			isa = XCConfigurationList;
			buildConfigurations = (
				003CA4951E9BECC1001228F6 /* Debug */,
				003CA4961E9BECC1001228F6 /* Release */,
			);
			defaultConfigurationIsVisible = 0;
		};
		003CA4971E9BECC1001228F6 /* Build configuration list for PBXNativeTarget "PrasadWEBSERVICETests" */ = {
			isa = XCConfigurationList;
			buildConfigurations = (
				003CA4981E9BECC1001228F6 /* Debug */,
				003CA4991E9BECC1001228F6 /* Release */,
			);
			defaultConfigurationIsVisible = 0;
		};
/* End XCConfigurationList section */
	};
	rootObject = 003CA4691E9BECC1001228F6 /* Project object */;
}
